
Microsoft Visual Studio Solution File, Format Version 10.00
# Visual Studio 2008
Project("{8BC9CEB8-8B4A-11D0-8D11-00A0C91BC942}") = "Bounce", "Bounce\Bounce.vcproj", "{CB486DBB-F5A6-49E2-B8CD-46123CDFAF81}"
EndProject
Project("{FAE04EC0-301F-11D3-BF4B-00C04F79EFBC}") = "BounceEditor", "BounceEditor\BounceEditor.csproj", "{FF97C289-84AE-4D41-AE57-E6B4A97E720E}"
EndProject
Global
	GlobalSection(SolutionConfigurationPlatforms) = preSolution
		Debug|Any CPU = Debug|Any CPU
		Debug|Mixed Platforms = Debug|Mixed Platforms
		Debug|Win32 = Debug|Win32
		Release|Any CPU = Release|Any CPU
		Release|Mixed Platforms = Release|Mixed Platforms
		Release|Win32 = Release|Win32
	EndGlobalSection
	GlobalSection(ProjectConfigurationPlatforms) = postSolution
		{CB486DBB-F5A6-49E2-B8CD-46123CDFAF81}.Debug|Any CPU.ActiveCfg = Debug|Win32
		{CB486DBB-F5A6-49E2-B8CD-46123CDFAF81}.Debug|Mixed Platforms.ActiveCfg = Debug|Win32
		{CB486DBB-F5A6-49E2-B8CD-46123CDFAF81}.Debug|Mixed Platforms.Build.0 = Debug|Win32
		{CB486DBB-F5A6-49E2-B8CD-46123CDFAF81}.Debug|Win32.ActiveCfg = Debug|Win32
		{CB486DBB-F5A6-49E2-B8CD-46123CDFAF81}.Debug|Win32.Build.0 = Debug|Win32
		{CB486DBB-F5A6-49E2-B8CD-46123CDFAF81}.Release|Any CPU.ActiveCfg = Release|Win32
		{CB486DBB-F5A6-49E2-B8CD-46123CDFAF81}.Release|Mixed Platforms.ActiveCfg = Release|Win32
		{CB486DBB-F5A6-49E2-B8CD-46123CDFAF81}.Release|Mixed Platforms.Build.0 = Release|Win32
		{CB486DBB-F5A6-49E2-B8CD-46123CDFAF81}.Release|Win32.ActiveCfg = Release|Win32
		{CB486DBB-F5A6-49E2-B8CD-46123CDFAF81}.Release|Win32.Build.0 = Release|Win32
		{FF97C289-84AE-4D41-AE57-E6B4A97E720E}.Debug|Any CPU.ActiveCfg = Debug|Any CPU
		{FF97C289-84AE-4D41-AE57-E6B4A97E720E}.Debug|Any CPU.Build.0 = Debug|Any CPU
		{FF97C289-84AE-4D41-AE57-E6B4A97E720E}.Debug|Mixed Platforms.ActiveCfg = Debug|Any CPU
		{FF97C289-84AE-4D41-AE57-E6B4A97E720E}.Debug|Mixed Platforms.Build.0 = Debug|Any CPU
		{FF97C289-84AE-4D41-AE57-E6B4A97E720E}.Debug|Win32.ActiveCfg = Debug|Any CPU
		{FF97C289-84AE-4D41-AE57-E6B4A97E720E}.Release|Any CPU.ActiveCfg = Release|Any CPU
		{FF97C289-84AE-4D41-AE57-E6B4A97E720E}.Release|Any CPU.Build.0 = Release|Any CPU
		{FF97C289-84AE-4D41-AE57-E6B4A97E720E}.Release|Mixed Platforms.ActiveCfg = Release|Any CPU
		{FF97C289-84AE-4D41-AE57-E6B4A97E720E}.Release|Mixed Platforms.Build.0 = Release|Any CPU
		{FF97C289-84AE-4D41-AE57-E6B4A97E720E}.Release|Win32.ActiveCfg = Release|Any CPU
	EndGlobalSection
	GlobalSection(SolutionProperties) = preSolution
		HideSolutionNode = FALSE
	EndGlobalSection
EndGlobal
